{
  "version": 1,
  "dependencies": {
    "net8.0": {
      "FluentResults": {
        "type": "Direct",
        "requested": "[4.0.0, )",
        "resolved": "4.0.0",
        "contentHash": "wKfdLvDnDVhXlSreU7u/NFNHH6EfoOhAloEID4ePAyk+ZliowKZJvX+aCL4hxhFc9Jj74t62amS4LyOYTjXGCg==",
        "dependencies": {
          "Microsoft.Extensions.Logging.Abstractions": "2.1.1",
          "System.Threading.Tasks.Extensions": "4.5.4"
        }
      },
      "Microsoft.Kiota.Abstractions": {
        "type": "Direct",
        "requested": "[1.20.1, )",
        "resolved": "1.20.1",
        "contentHash": "bv1n2gnxA/O+1a26h3YB6bgcc3ZSLCjRumMh7sVkFmksLaVonhcrJpUrEtBlnnYPrnHwzm/1BYQnYjCVG7A+fA==",
        "dependencies": {
          "Std.UriTemplate": "2.0.5"
        }
      },
      "Microsoft.Kiota.Serialization.Form": {
        "type": "Direct",
        "requested": "[1.20.1, )",
        "resolved": "1.20.1",
        "contentHash": "n7izb8GZSoatmFSpMaHmh78U3oW+YdYb2gDwhkG86COHuiGWV9s0BKBeUlFakAV00CDwaH9iFqxCQ0veYVkG1A==",
        "dependencies": {
          "Microsoft.Kiota.Abstractions": "1.20.1"
        }
      },
      "Microsoft.Kiota.Serialization.Json": {
        "type": "Direct",
        "requested": "[1.20.1, )",
        "resolved": "1.20.1",
        "contentHash": "4MumZe45DI/o1YP+hq7wyArOHDhjkSiu14ysN4xWKe6vwlu43BUYydA/yT0CtjoPwbFW/6jfx/NVSvM3DzBzbg==",
        "dependencies": {
          "Microsoft.Kiota.Abstractions": "1.20.1"
        }
      },
      "Microsoft.Kiota.Serialization.Multipart": {
        "type": "Direct",
        "requested": "[1.20.1, )",
        "resolved": "1.20.1",
        "contentHash": "tP7ZxA1zsIi3FE8CHwfA5JnzlW1NYld+LpFihFq+S7IXFDv1x37I968lPKGIdEpWW9vWacuqDQVKIyJiKZ257A==",
        "dependencies": {
          "Microsoft.Kiota.Abstractions": "1.20.1"
        }
      },
      "Microsoft.Kiota.Serialization.Text": {
        "type": "Direct",
        "requested": "[1.20.1, )",
        "resolved": "1.20.1",
        "contentHash": "Cue4l9AeU0WgL2CdUW8K58BMwQOyiHgT7aCov2qGEKpmpeWQj7cmAWCgxDfPHYPkZtz1Ccbrw4/6KrDgCmrC3Q==",
        "dependencies": {
          "Microsoft.Kiota.Abstractions": "1.20.1"
        }
      },
      "Newtonsoft.Json": {
        "type": "Direct",
        "requested": "[13.0.4, )",
        "resolved": "13.0.4",
        "contentHash": "pdgNNMai3zv51W5aq268sujXUyx7SNdE2bj1wZcWjAQrKMFZV260lbqYop1d2GM67JI1huLRwxo9ZqnfF/lC6A=="
      },
      "NLog": {
        "type": "Direct",
        "requested": "[6.0.5, )",
        "resolved": "6.0.5",
        "contentHash": "Gq/L18qnZhIfrfqXtUBKdDMtT8cZB+974C99H+w6DxdlIcT4wYCCGjRgnUij3spUH1HWScF6JRaCyv11CHZJ6g=="
      },
      "UTF.Unknown": {
        "type": "Direct",
        "requested": "[2.6.0, )",
        "resolved": "2.6.0",
        "contentHash": "YmmUcR9XKh3twmSjq6l0HD7qm7bj3X+gXCsdkWwpiuiB4wzGDJuCOneOQ3NvwQQEMqNeyVZOPO/EwFD4fuUoOQ==",
        "dependencies": {
          "System.Text.Encoding.CodePages": "8.0.0"
        }
      },
      "Microsoft.Extensions.Logging.Abstractions": {
        "type": "Transitive",
        "resolved": "2.1.1",
        "contentHash": "XRzK7ZF+O6FzdfWrlFTi1Rgj2080ZDsd46vzOjadHUB0Cz5kOvDG8vI7caa5YFrsHQpcfn0DxtjS4E46N4FZsA=="
      },
      "Std.UriTemplate": {
        "type": "Transitive",
        "resolved": "2.0.5",
        "contentHash": "PtqPdWNBObRcDHjyjbgOz2XoCJQaiA+HNDPQve/O7yGCkospfHDCuH9ULVx1msImwHHG+uhpDjiZX7bpLN/cnw=="
      },
      "System.Text.Encoding.CodePages": {
        "type": "Transitive",
        "resolved": "8.0.0",
        "contentHash": "OZIsVplFGaVY90G2SbpgU7EnCoOO5pw1t4ic21dBF3/1omrJFpAGoNAVpPyMVOC90/hvgkGG3VFqR13YgZMQfg=="
      },
      "System.Threading.Tasks.Extensions": {
        "type": "Transitive",
        "resolved": "4.5.4",
        "contentHash": "zteT+G8xuGu6mS+mzDzYXbzS7rd3K6Fjb9RiZlYlJPam2/hU7JCBZBVEcywNuR+oZ1ncTvc/cq0faRr3P01OVg=="
      },
      "dcstranslationtool.application": {
        "type": "Project",
        "dependencies": {
          "DcsTranslationTool.Domain": "[1.2.3, )",
          "DcsTranslationTool.Shared": "[1.2.3, )",
          "FluentResults": "[4.0.0, )"
        }
      },
      "dcstranslationtool.domain": {
        "type": "Project"
      },
      "dcstranslationtool.shared": {
        "type": "Project"
      }
    }
  }
}